github.com/Eyevinn/mp4ff v0.56.0 h1:K81hqadHOLqQP+Rr610dwy7Cn3tLLEejCljzIfcNo+k=
github.com/Eyevinn/mp4ff v0.56.0/go.mod h1:AhC+bOI7GSZmzuN4zFY9U76qMedbHI+8BdQXWrC9+8U=
github.com/go-test/deep v1.1.0 h1:WOcxcdHcvdgThNXjw0t76K42FXTU7HpNQWHpA2HHNlg=
github.com/go-test/deep v1.1.0/go.mod h1:5C2ZWiW0ErCdrYzpqxLbTX7MG14M9iiw8DgHncVwcsE=
github.com/yapingcat/gomedia v0.0.0-20240906162731-17feea57090c h1:xA2TJS9Hu/ivzaZIrDcwvpJ3Fnpsk5fDOJ4iSnL6J0w=
github.com/yapingcat/gomedia v0.0.0-20240906162731-17feea57090c/go.mod h1:WSZ59bidJOO40JSJmLqlkBJrjZCtjbKKkygEMfzY/kc=
golang.org/x/crypto v0.48.0 h1:/VRzVqiRSggnhY7gNRxPauEQ5Drw9haKdM0jqfcCFts=
golang.org/x/crypto v0.48.0/go.mod h1:r0kV5h3qnFPlQnBSrULhlsRfryS2pmewsg+XfMgkVos=
